
Microsoft Visual Studio Solution File, Format Version 12.00
# Visual Studio Version 16
VisualStudioVersion = 16.0.29123.88
MinimumVisualStudioVersion = 10.0.40219.1
Project("{FAE04EC0-301F-11D3-BF4B-00C04F79EFBC}") = "chathubAPI", "chathubAPI\chathubAPI.csproj", "{03DB6420-1DF5-4DA2-9BAF-0966F679DA44}"
EndProject
Global
	GlobalSection(SolutionConfigurationPlatforms) = preSolution
		Debug|Any CPU = Debug|Any CPU
		Release|Any CPU = Release|Any CPU
	EndGlobalSection
	GlobalSection(ProjectConfigurationPlatforms) = postSolution
		{03DB6420-1DF5-4DA2-9BAF-0966F679DA44}.Debug|Any CPU.ActiveCfg = Debug|Any CPU
		{03DB6420-1DF5-4DA2-9BAF-0966F679DA44}.Debug|Any CPU.Build.0 = Debug|Any CPU
		{03DB6420-1DF5-4DA2-9BAF-0966F679DA44}.Release|Any CPU.ActiveCfg = Release|Any CPU
		{03DB6420-1DF5-4DA2-9BAF-0966F679DA44}.Release|Any CPU.Build.0 = Release|Any CPU
	EndGlobalSection
	GlobalSection(SolutionProperties) = preSolution
		HideSolutionNode = FALSE
	EndGlobalSection
	GlobalSection(ExtensibilityGlobals) = postSolution
		SolutionGuid = {4FA93756-09ED-4BCA-936C-8F914E2F5C2A}
	EndGlobalSection
EndGlobal
